{
  "name": "byots",
  "version": "2.7.0-dev.20171209.9.18",
  "lockfileVersion": 1,
  "requires": true,
  "dependencies": {
    "typescript": {
      "version": "2.7.0-dev.20180111",
      "resolved": "https://registry.npmjs.org/typescript/-/typescript-2.7.0-dev.20180111.tgz",
      "integrity": "sha512-CtrIC/ZYWWxah0gJqB6li52VncEjNoD7bWxC+wNUNQEFdooPvgXaHlg3dTmku19D3kVoGV7f05v29cV/jLaC5Q==",
      "dev": true
    }
  }
}
